
Microsoft Visual Studio Solution File, Format Version 12.00
# Visual Studio 15
VisualStudioVersion = 15.0.27703.2047
MinimumVisualStudioVersion = 10.0.40219.1
Project("{FAE04EC0-301F-11D3-BF4B-00C04F79EFBC}") = "GitRepo11", "GitRepo11\GitRepo11.csproj", "{1860490E-D0BB-4D52-BA26-CF5712EF233D}"
EndProject
Global
	GlobalSection(SolutionConfigurationPlatforms) = preSolution
		Debug|Any CPU = Debug|Any CPU
		Release|Any CPU = Release|Any CPU
	EndGlobalSection
	GlobalSection(ProjectConfigurationPlatforms) = postSolution
		{1860490E-D0BB-4D52-BA26-CF5712EF233D}.Debug|Any CPU.ActiveCfg = Debug|Any CPU
		{1860490E-D0BB-4D52-BA26-CF5712EF233D}.Debug|Any CPU.Build.0 = Debug|Any CPU
		{1860490E-D0BB-4D52-BA26-CF5712EF233D}.Release|Any CPU.ActiveCfg = Release|Any CPU
		{1860490E-D0BB-4D52-BA26-CF5712EF233D}.Release|Any CPU.Build.0 = Release|Any CPU
	EndGlobalSection
	GlobalSection(SolutionProperties) = preSolution
		HideSolutionNode = FALSE
	EndGlobalSection
	GlobalSection(ExtensibilityGlobals) = postSolution
		SolutionGuid = {5C59976D-54A4-4350-AB30-6075AB70ACD4}
	EndGlobalSection
EndGlobal
